
Microsoft Visual Studio Solution File, Format Version 12.00
# Visual Studio Version 16
VisualStudioVersion = 16.0.29911.84
MinimumVisualStudioVersion = 10.0.40219.1
Project("{FAE04EC0-301F-11D3-BF4B-00C04F79EFBC}") = "SampleAngular.Domain", "SampleAngular.Domain\SampleAngular.Domain.csproj", "{1DAC7D24-27FD-4C40-A394-84ADC098CB55}"
EndProject
Global
	GlobalSection(SolutionConfigurationPlatforms) = preSolution
		Debug|Any CPU = Debug|Any CPU
		Release|Any CPU = Release|Any CPU
	EndGlobalSection
	GlobalSection(ProjectConfigurationPlatforms) = postSolution
		{1DAC7D24-27FD-4C40-A394-84ADC098CB55}.Debug|Any CPU.ActiveCfg = Debug|Any CPU
		{1DAC7D24-27FD-4C40-A394-84ADC098CB55}.Debug|Any CPU.Build.0 = Debug|Any CPU
		{1DAC7D24-27FD-4C40-A394-84ADC098CB55}.Release|Any CPU.ActiveCfg = Release|Any CPU
		{1DAC7D24-27FD-4C40-A394-84ADC098CB55}.Release|Any CPU.Build.0 = Release|Any CPU
	EndGlobalSection
	GlobalSection(SolutionProperties) = preSolution
		HideSolutionNode = FALSE
	EndGlobalSection
	GlobalSection(ExtensibilityGlobals) = postSolution
		SolutionGuid = {E5C186DE-3A01-44CF-84CE-D4945687971C}
	EndGlobalSection
EndGlobal
